
Microsoft Visual Studio Solution File, Format Version 12.00
# Visual Studio Version 17
VisualStudioVersion = 17.9.34622.214
MinimumVisualStudioVersion = 10.0.40219.1
Project("{9A19103F-16F7-4668-BE54-9A1E7A4F7556}") = "EgitimTakip.Web", "EgitimTakip.Web.csproj", "{663418B3-8836-4740-BB19-59C2F5153643}"
EndProject
Project("{9A19103F-16F7-4668-BE54-9A1E7A4F7556}") = "EgitimTakip.Models", "..\EgitimTakip.Models\EgitimTakip.Models.csproj", "{00A81192-09D8-4421-A114-1AEEF3E9E511}"
EndProject
Project("{9A19103F-16F7-4668-BE54-9A1E7A4F7556}") = "EgitimTakip.Data", "..\EgitimTakip.Data\EgitimTakip.Data.csproj", "{10091C93-851E-4EA2-B8B1-9461AC3837A1}"
EndProject
Project("{9A19103F-16F7-4668-BE54-9A1E7A4F7556}") = "EgitimTakipRepository", "..\EgitimTakipRepository\EgitimTakipRepository.csproj", "{FBA082B4-AA79-4A24-92D2-B1C900308742}"
EndProject
Project("{FAE04EC0-301F-11D3-BF4B-00C04F79EFBC}") = "EgitimTakip.Business", "..\EgitimTakip.Business\EgitimTakip.Business.csproj", "{79007C23-FFE3-4F6F-88D0-9FC7A02F004B}"
EndProject
Global
	GlobalSection(SolutionConfigurationPlatforms) = preSolution
		Debug|Any CPU = Debug|Any CPU
		Release|Any CPU = Release|Any CPU
	EndGlobalSection
	GlobalSection(ProjectConfigurationPlatforms) = postSolution
		{663418B3-8836-4740-BB19-59C2F5153643}.Debug|Any CPU.ActiveCfg = Debug|Any CPU
		{663418B3-8836-4740-BB19-59C2F5153643}.Debug|Any CPU.Build.0 = Debug|Any CPU
		{663418B3-8836-4740-BB19-59C2F5153643}.Release|Any CPU.ActiveCfg = Release|Any CPU
		{663418B3-8836-4740-BB19-59C2F5153643}.Release|Any CPU.Build.0 = Release|Any CPU
		{00A81192-09D8-4421-A114-1AEEF3E9E511}.Debug|Any CPU.ActiveCfg = Debug|Any CPU
		{00A81192-09D8-4421-A114-1AEEF3E9E511}.Debug|Any CPU.Build.0 = Debug|Any CPU
		{00A81192-09D8-4421-A114-1AEEF3E9E511}.Release|Any CPU.ActiveCfg = Release|Any CPU
		{00A81192-09D8-4421-A114-1AEEF3E9E511}.Release|Any CPU.Build.0 = Release|Any CPU
		{10091C93-851E-4EA2-B8B1-9461AC3837A1}.Debug|Any CPU.ActiveCfg = Debug|Any CPU
		{10091C93-851E-4EA2-B8B1-9461AC3837A1}.Debug|Any CPU.Build.0 = Debug|Any CPU
		{10091C93-851E-4EA2-B8B1-9461AC3837A1}.Release|Any CPU.ActiveCfg = Release|Any CPU
		{10091C93-851E-4EA2-B8B1-9461AC3837A1}.Release|Any CPU.Build.0 = Release|Any CPU
		{FBA082B4-AA79-4A24-92D2-B1C900308742}.Debug|Any CPU.ActiveCfg = Debug|Any CPU
		{FBA082B4-AA79-4A24-92D2-B1C900308742}.Debug|Any CPU.Build.0 = Debug|Any CPU
		{FBA082B4-AA79-4A24-92D2-B1C900308742}.Release|Any CPU.ActiveCfg = Release|Any CPU
		{FBA082B4-AA79-4A24-92D2-B1C900308742}.Release|Any CPU.Build.0 = Release|Any CPU
		{79007C23-FFE3-4F6F-88D0-9FC7A02F004B}.Debug|Any CPU.ActiveCfg = Debug|Any CPU
		{79007C23-FFE3-4F6F-88D0-9FC7A02F004B}.Debug|Any CPU.Build.0 = Debug|Any CPU
		{79007C23-FFE3-4F6F-88D0-9FC7A02F004B}.Release|Any CPU.ActiveCfg = Release|Any CPU
		{79007C23-FFE3-4F6F-88D0-9FC7A02F004B}.Release|Any CPU.Build.0 = Release|Any CPU
	EndGlobalSection
	GlobalSection(SolutionProperties) = preSolution
		HideSolutionNode = FALSE
	EndGlobalSection
	GlobalSection(ExtensibilityGlobals) = postSolution
		SolutionGuid = {3A568B90-6EC6-4C61-AD13-F9699D060C97}
	EndGlobalSection
EndGlobal
